
Microsoft Visual Studio Solution File, Format Version 12.00
# Visual Studio 15
VisualStudioVersion = 15.0.27703.2035
MinimumVisualStudioVersion = 10.0.40219.1
Project("{888888A0-9F3D-457C-B088-3A5042F75D52}") = "csvFileToSQLServerDB", "csvFileToSQLServerDB.pyproj", "{3753361D-C461-4F95-88A1-0F0F1DF7BDEC}"
EndProject
Global
	GlobalSection(SolutionConfigurationPlatforms) = preSolution
		Debug|Any CPU = Debug|Any CPU
		Release|Any CPU = Release|Any CPU
	EndGlobalSection
	GlobalSection(ProjectConfigurationPlatforms) = postSolution
		{3753361D-C461-4F95-88A1-0F0F1DF7BDEC}.Debug|Any CPU.ActiveCfg = Debug|Any CPU
		{3753361D-C461-4F95-88A1-0F0F1DF7BDEC}.Release|Any CPU.ActiveCfg = Release|Any CPU
	EndGlobalSection
	GlobalSection(SolutionProperties) = preSolution
		HideSolutionNode = FALSE
	EndGlobalSection
	GlobalSection(ExtensibilityGlobals) = postSolution
		SolutionGuid = {49E0A30E-8DB2-4AF2-A407-41D2C7FD45A0}
	EndGlobalSection
EndGlobal
